github.com/alyu/configparser v0.0.0-20191103060215-744e9a66e7bc h1:eN2FUvn4J1A31pICABioDYukoh1Tmlei6L3ImZUin/I=
github.com/alyu/configparser v0.0.0-20191103060215-744e9a66e7bc/go.mod h1:BYq/NZTroWuzkvsTPJgRBqSHGxKMHCz06gtlfY/W5RU=
github.com/google/uuid v1.2.0 h1:qJYtXnJRWmpe7m/3XlyhrsLrEURqHRM2kxzoxXqyUDs=
github.com/google/uuid v1.2.0/go.mod h1:TIyPZe4MgqvfeYDBFedMoGGpEw/LqOeaOT+nhxU+yHo=
